
Microsoft Visual Studio Solution File, Format Version 12.00
# Visual Studio 15
VisualStudioVersion = 15.0.25807.0
MinimumVisualStudioVersion = 10.0.40219.1
Project("{2150E333-8FDC-42A3-9474-1A3956D46DE8}") = "Engine", "Engine", "{7D1E1FBB-779A-44F7-ACB1-59A870469516}"
EndProject
Project("{2150E333-8FDC-42A3-9474-1A3956D46DE8}") = "Games", "Games", "{0A406A32-9892-4FF1-888E-58131A15F67C}"
EndProject
Project("{8BC9CEB8-8B4A-11D0-8D11-00A0C91BC942}") = "UE4", "Intermediate\ProjectFiles\UE4.vcxproj", "{301AC17F-D1D4-4846-A950-D2BBE5663B8F}"
EndProject
Project("{8BC9CEB8-8B4A-11D0-8D11-00A0C91BC942}") = "InfiniteStairway", "Intermediate\ProjectFiles\InfiniteStairway.vcxproj", "{CAD78C25-D0E8-4F0A-8FF2-D994304016BC}"
EndProject
Project("{2150E333-8FDC-42A3-9474-1A3956D46DE8}") = "Visualizers", "Visualizers", "{3F6588E0-AF8A-4AB1-8220-2652A4339BC5}"
	ProjectSection(SolutionItems) = preProject
		..\..\..\UE_4.22\Engine\Extras\VisualStudioDebugging\UE4.natvis = ..\..\..\UE_4.22\Engine\Extras\VisualStudioDebugging\UE4.natvis
	EndProjectSection
EndProject
Global
	GlobalSection(SolutionConfigurationPlatforms) = preSolution
		DebugGame Editor|HTML5 = DebugGame Editor|HTML5
		DebugGame Editor|Win32 = DebugGame Editor|Win32
		DebugGame Editor|Win64 = DebugGame Editor|Win64
		DebugGame|HTML5 = DebugGame|HTML5
		DebugGame|Win32 = DebugGame|Win32
		DebugGame|Win64 = DebugGame|Win64
		Development Editor|HTML5 = Development Editor|HTML5
		Development Editor|Win32 = Development Editor|Win32
		Development Editor|Win64 = Development Editor|Win64
		Development|HTML5 = Development|HTML5
		Development|Win32 = Development|Win32
		Development|Win64 = Development|Win64
		Shipping|HTML5 = Shipping|HTML5
		Shipping|Win32 = Shipping|Win32
		Shipping|Win64 = Shipping|Win64
	EndGlobalSection
	GlobalSection(ProjectConfigurationPlatforms) = postSolution
		{301AC17F-D1D4-4846-A950-D2BBE5663B8F}.DebugGame Editor|HTML5.ActiveCfg = BuiltWithUnrealBuildTool|Win32
		{301AC17F-D1D4-4846-A950-D2BBE5663B8F}.DebugGame Editor|Win32.ActiveCfg = BuiltWithUnrealBuildTool|Win32
		{301AC17F-D1D4-4846-A950-D2BBE5663B8F}.DebugGame Editor|Win64.ActiveCfg = BuiltWithUnrealBuildTool|Win32
		{301AC17F-D1D4-4846-A950-D2BBE5663B8F}.DebugGame|HTML5.ActiveCfg = BuiltWithUnrealBuildTool|Win32
		{301AC17F-D1D4-4846-A950-D2BBE5663B8F}.DebugGame|Win32.ActiveCfg = BuiltWithUnrealBuildTool|Win32
		{301AC17F-D1D4-4846-A950-D2BBE5663B8F}.DebugGame|Win64.ActiveCfg = BuiltWithUnrealBuildTool|Win32
		{301AC17F-D1D4-4846-A950-D2BBE5663B8F}.Development Editor|HTML5.ActiveCfg = BuiltWithUnrealBuildTool|Win32
		{301AC17F-D1D4-4846-A950-D2BBE5663B8F}.Development Editor|Win32.ActiveCfg = BuiltWithUnrealBuildTool|Win32
		{301AC17F-D1D4-4846-A950-D2BBE5663B8F}.Development Editor|Win64.ActiveCfg = BuiltWithUnrealBuildTool|Win32
		{301AC17F-D1D4-4846-A950-D2BBE5663B8F}.Development|HTML5.ActiveCfg = BuiltWithUnrealBuildTool|Win32
		{301AC17F-D1D4-4846-A950-D2BBE5663B8F}.Development|Win32.ActiveCfg = BuiltWithUnrealBuildTool|Win32
		{301AC17F-D1D4-4846-A950-D2BBE5663B8F}.Development|Win64.ActiveCfg = BuiltWithUnrealBuildTool|Win32
		{301AC17F-D1D4-4846-A950-D2BBE5663B8F}.Shipping|HTML5.ActiveCfg = BuiltWithUnrealBuildTool|Win32
		{301AC17F-D1D4-4846-A950-D2BBE5663B8F}.Shipping|Win32.ActiveCfg = BuiltWithUnrealBuildTool|Win32
		{301AC17F-D1D4-4846-A950-D2BBE5663B8F}.Shipping|Win64.ActiveCfg = BuiltWithUnrealBuildTool|Win32
		{CAD78C25-D0E8-4F0A-8FF2-D994304016BC}.DebugGame Editor|HTML5.ActiveCfg = Invalid|Win32
		{CAD78C25-D0E8-4F0A-8FF2-D994304016BC}.DebugGame Editor|Win32.ActiveCfg = Invalid|Win32
		{CAD78C25-D0E8-4F0A-8FF2-D994304016BC}.DebugGame Editor|Win64.ActiveCfg = DebugGame_Editor|x64
		{CAD78C25-D0E8-4F0A-8FF2-D994304016BC}.DebugGame Editor|Win64.Build.0 = DebugGame_Editor|x64
		{CAD78C25-D0E8-4F0A-8FF2-D994304016BC}.DebugGame|HTML5.ActiveCfg = HTML5_DebugGame|Win32
		{CAD78C25-D0E8-4F0A-8FF2-D994304016BC}.DebugGame|HTML5.Build.0 = HTML5_DebugGame|Win32
		{CAD78C25-D0E8-4F0A-8FF2-D994304016BC}.DebugGame|Win32.ActiveCfg = DebugGame|Win32
		{CAD78C25-D0E8-4F0A-8FF2-D994304016BC}.DebugGame|Win32.Build.0 = DebugGame|Win32
		{CAD78C25-D0E8-4F0A-8FF2-D994304016BC}.DebugGame|Win64.ActiveCfg = DebugGame|x64
		{CAD78C25-D0E8-4F0A-8FF2-D994304016BC}.DebugGame|Win64.Build.0 = DebugGame|x64
		{CAD78C25-D0E8-4F0A-8FF2-D994304016BC}.Development Editor|HTML5.ActiveCfg = Invalid|Win32
		{CAD78C25-D0E8-4F0A-8FF2-D994304016BC}.Development Editor|Win32.ActiveCfg = Invalid|Win32
		{CAD78C25-D0E8-4F0A-8FF2-D994304016BC}.Development Editor|Win64.ActiveCfg = Development_Editor|x64
		{CAD78C25-D0E8-4F0A-8FF2-D994304016BC}.Development Editor|Win64.Build.0 = Development_Editor|x64
		{CAD78C25-D0E8-4F0A-8FF2-D994304016BC}.Development|HTML5.ActiveCfg = HTML5_Development|Win32
		{CAD78C25-D0E8-4F0A-8FF2-D994304016BC}.Development|HTML5.Build.0 = HTML5_Development|Win32
		{CAD78C25-D0E8-4F0A-8FF2-D994304016BC}.Development|Win32.ActiveCfg = Development|Win32
		{CAD78C25-D0E8-4F0A-8FF2-D994304016BC}.Development|Win32.Build.0 = Development|Win32
		{CAD78C25-D0E8-4F0A-8FF2-D994304016BC}.Development|Win64.ActiveCfg = Development|x64
		{CAD78C25-D0E8-4F0A-8FF2-D994304016BC}.Development|Win64.Build.0 = Development|x64
		{CAD78C25-D0E8-4F0A-8FF2-D994304016BC}.Shipping|HTML5.ActiveCfg = HTML5_Shipping|Win32
		{CAD78C25-D0E8-4F0A-8FF2-D994304016BC}.Shipping|HTML5.Build.0 = HTML5_Shipping|Win32
		{CAD78C25-D0E8-4F0A-8FF2-D994304016BC}.Shipping|Win32.ActiveCfg = Shipping|Win32
		{CAD78C25-D0E8-4F0A-8FF2-D994304016BC}.Shipping|Win32.Build.0 = Shipping|Win32
		{CAD78C25-D0E8-4F0A-8FF2-D994304016BC}.Shipping|Win64.ActiveCfg = Shipping|x64
		{CAD78C25-D0E8-4F0A-8FF2-D994304016BC}.Shipping|Win64.Build.0 = Shipping|x64
	EndGlobalSection
	GlobalSection(SolutionProperties) = preSolution
		HideSolutionNode = FALSE
	EndGlobalSection
	GlobalSection(NestedProjects) = preSolution
		{301AC17F-D1D4-4846-A950-D2BBE5663B8F} = {7D1E1FBB-779A-44F7-ACB1-59A870469516}
		{CAD78C25-D0E8-4F0A-8FF2-D994304016BC} = {0A406A32-9892-4FF1-888E-58131A15F67C}
	EndGlobalSection
EndGlobal
